
Microsoft Visual Studio Solution File, Format Version 12.00
# Visual Studio 15
VisualStudioVersion = 15.0.27703.2035
MinimumVisualStudioVersion = 10.0.40219.1
Project("{FAE04EC0-301F-11D3-BF4B-00C04F79EFBC}") = "DatabaseImporter.WPF", "DatabaseImporter.WPF\DatabaseImporter.WPF.csproj", "{440A4033-D8E3-4D06-857E-F5958C933531}"
EndProject
Project("{9A19103F-16F7-4668-BE54-9A1E7A4F7556}") = "DatabaseImporter.Common", "DatabaseImporter.Common\DatabaseImporter.Common.csproj", "{BA0FF6B2-2902-4A17-BB13-F9592C70F042}"
EndProject
Project("{9A19103F-16F7-4668-BE54-9A1E7A4F7556}") = "DatabaseImporter", "DatabaseImporter\DatabaseImporter.csproj", "{2F85CA49-2326-4647-A841-BFC20F124F90}"
EndProject
Project("{2150E333-8FDC-42A3-9474-1A3956D46DE8}") = "Tests", "Tests", "{06D9729D-8557-4F2A-BAED-A21A28551FF0}"
EndProject
Project("{FAE04EC0-301F-11D3-BF4B-00C04F79EFBC}") = "DatabaseImporter.Common.Tests", "Tests\DatabaseImporter.Common.Tests\DatabaseImporter.Common.Tests.csproj", "{8A59A1C7-422C-4723-9D41-A460C84322CA}"
EndProject
Project("{FAE04EC0-301F-11D3-BF4B-00C04F79EFBC}") = "DatabaseImporter.Tests", "Tests\DatabaseImporter.Tests\DatabaseImporter.Tests.csproj", "{A44B605E-6372-4E8A-9E03-2A38118A7507}"
EndProject
Project("{FAE04EC0-301F-11D3-BF4B-00C04F79EFBC}") = "DatabaseImporter.WPF.Tests", "Tests\DatabaseImporter.WPF.Tests\DatabaseImporter.WPF.Tests.csproj", "{E458D63D-1942-454C-B6EE-B55CB589D5AE}"
EndProject
Global
	GlobalSection(SolutionConfigurationPlatforms) = preSolution
		Debug|Any CPU = Debug|Any CPU
		Release|Any CPU = Release|Any CPU
	EndGlobalSection
	GlobalSection(ProjectConfigurationPlatforms) = postSolution
		{440A4033-D8E3-4D06-857E-F5958C933531}.Debug|Any CPU.ActiveCfg = Debug|Any CPU
		{440A4033-D8E3-4D06-857E-F5958C933531}.Debug|Any CPU.Build.0 = Debug|Any CPU
		{440A4033-D8E3-4D06-857E-F5958C933531}.Release|Any CPU.ActiveCfg = Release|Any CPU
		{440A4033-D8E3-4D06-857E-F5958C933531}.Release|Any CPU.Build.0 = Release|Any CPU
		{BA0FF6B2-2902-4A17-BB13-F9592C70F042}.Debug|Any CPU.ActiveCfg = Debug|Any CPU
		{BA0FF6B2-2902-4A17-BB13-F9592C70F042}.Debug|Any CPU.Build.0 = Debug|Any CPU
		{BA0FF6B2-2902-4A17-BB13-F9592C70F042}.Release|Any CPU.ActiveCfg = Release|Any CPU
		{BA0FF6B2-2902-4A17-BB13-F9592C70F042}.Release|Any CPU.Build.0 = Release|Any CPU
		{2F85CA49-2326-4647-A841-BFC20F124F90}.Debug|Any CPU.ActiveCfg = Debug|Any CPU
		{2F85CA49-2326-4647-A841-BFC20F124F90}.Debug|Any CPU.Build.0 = Debug|Any CPU
		{2F85CA49-2326-4647-A841-BFC20F124F90}.Release|Any CPU.ActiveCfg = Release|Any CPU
		{2F85CA49-2326-4647-A841-BFC20F124F90}.Release|Any CPU.Build.0 = Release|Any CPU
		{8A59A1C7-422C-4723-9D41-A460C84322CA}.Debug|Any CPU.ActiveCfg = Debug|Any CPU
		{8A59A1C7-422C-4723-9D41-A460C84322CA}.Debug|Any CPU.Build.0 = Debug|Any CPU
		{8A59A1C7-422C-4723-9D41-A460C84322CA}.Release|Any CPU.ActiveCfg = Release|Any CPU
		{8A59A1C7-422C-4723-9D41-A460C84322CA}.Release|Any CPU.Build.0 = Release|Any CPU
		{A44B605E-6372-4E8A-9E03-2A38118A7507}.Debug|Any CPU.ActiveCfg = Debug|Any CPU
		{A44B605E-6372-4E8A-9E03-2A38118A7507}.Debug|Any CPU.Build.0 = Debug|Any CPU
		{A44B605E-6372-4E8A-9E03-2A38118A7507}.Release|Any CPU.ActiveCfg = Release|Any CPU
		{A44B605E-6372-4E8A-9E03-2A38118A7507}.Release|Any CPU.Build.0 = Release|Any CPU
		{E458D63D-1942-454C-B6EE-B55CB589D5AE}.Debug|Any CPU.ActiveCfg = Debug|Any CPU
		{E458D63D-1942-454C-B6EE-B55CB589D5AE}.Debug|Any CPU.Build.0 = Debug|Any CPU
		{E458D63D-1942-454C-B6EE-B55CB589D5AE}.Release|Any CPU.ActiveCfg = Release|Any CPU
		{E458D63D-1942-454C-B6EE-B55CB589D5AE}.Release|Any CPU.Build.0 = Release|Any CPU
	EndGlobalSection
	GlobalSection(SolutionProperties) = preSolution
		HideSolutionNode = FALSE
	EndGlobalSection
	GlobalSection(NestedProjects) = preSolution
		{8A59A1C7-422C-4723-9D41-A460C84322CA} = {06D9729D-8557-4F2A-BAED-A21A28551FF0}
		{A44B605E-6372-4E8A-9E03-2A38118A7507} = {06D9729D-8557-4F2A-BAED-A21A28551FF0}
		{E458D63D-1942-454C-B6EE-B55CB589D5AE} = {06D9729D-8557-4F2A-BAED-A21A28551FF0}
	EndGlobalSection
	GlobalSection(ExtensibilityGlobals) = postSolution
		SolutionGuid = {74F2F033-5845-44F0-848F-B90B1B8A390D}
	EndGlobalSection
EndGlobal
